
Microsoft Visual Studio Solution File, Format Version 12.00
# Visual Studio Version 17
VisualStudioVersion = 17.6.33829.357
MinimumVisualStudioVersion = 10.0.40219.1
Project("{F2A71F9B-5D33-465A-A702-920D77279786}") = "FSharp.DurableExtensions", "FSharp.DurableExtensions\FSharp.DurableExtensions.fsproj", "{B67E280D-5781-4D96-A5B8-4A71755B8359}"
EndProject
Global
	GlobalSection(SolutionConfigurationPlatforms) = preSolution
		Debug|Any CPU = Debug|Any CPU
		Release|Any CPU = Release|Any CPU
	EndGlobalSection
	GlobalSection(ProjectConfigurationPlatforms) = postSolution
		{B67E280D-5781-4D96-A5B8-4A71755B8359}.Debug|Any CPU.ActiveCfg = Debug|Any CPU
		{B67E280D-5781-4D96-A5B8-4A71755B8359}.Debug|Any CPU.Build.0 = Debug|Any CPU
		{B67E280D-5781-4D96-A5B8-4A71755B8359}.Release|Any CPU.ActiveCfg = Release|Any CPU
		{B67E280D-5781-4D96-A5B8-4A71755B8359}.Release|Any CPU.Build.0 = Release|Any CPU
	EndGlobalSection
	GlobalSection(SolutionProperties) = preSolution
		HideSolutionNode = FALSE
	EndGlobalSection
	GlobalSection(ExtensibilityGlobals) = postSolution
		SolutionGuid = {7CBD21E6-59B7-4ED4-84AE-EF7C6ABB3D22}
	EndGlobalSection
EndGlobal
